
Microsoft Visual Studio Solution File, Format Version 12.00
# Visual Studio Version 17
VisualStudioVersion = 17.10.35027.167
MinimumVisualStudioVersion = 10.0.40219.1
Project("{9A19103F-16F7-4668-BE54-9A1E7A4F7556}") = "TalabatWebAspDotNetCoreApi", "TalabatWebAspDotNetCoreApi\TalabatWebAspDotNetCoreApi.csproj", "{603B432A-CA3F-4DD9-B2F8-F6ECF4AB7A4B}"
EndProject
Project("{9A19103F-16F7-4668-BE54-9A1E7A4F7556}") = "TalabatWebAspDotNetCoreApi.Data", "TalabatWebAspDotNetCoreApi.Data\TalabatWebAspDotNetCoreApi.Data.csproj", "{DFA54275-6B38-483B-A8F5-9B58E2E992BA}"
EndProject
Global
	GlobalSection(SolutionConfigurationPlatforms) = preSolution
		Debug|Any CPU = Debug|Any CPU
		Release|Any CPU = Release|Any CPU
	EndGlobalSection
	GlobalSection(ProjectConfigurationPlatforms) = postSolution
		{603B432A-CA3F-4DD9-B2F8-F6ECF4AB7A4B}.Debug|Any CPU.ActiveCfg = Debug|Any CPU
		{603B432A-CA3F-4DD9-B2F8-F6ECF4AB7A4B}.Debug|Any CPU.Build.0 = Debug|Any CPU
		{603B432A-CA3F-4DD9-B2F8-F6ECF4AB7A4B}.Release|Any CPU.ActiveCfg = Release|Any CPU
		{603B432A-CA3F-4DD9-B2F8-F6ECF4AB7A4B}.Release|Any CPU.Build.0 = Release|Any CPU
		{DFA54275-6B38-483B-A8F5-9B58E2E992BA}.Debug|Any CPU.ActiveCfg = Debug|Any CPU
		{DFA54275-6B38-483B-A8F5-9B58E2E992BA}.Debug|Any CPU.Build.0 = Debug|Any CPU
		{DFA54275-6B38-483B-A8F5-9B58E2E992BA}.Release|Any CPU.ActiveCfg = Release|Any CPU
		{DFA54275-6B38-483B-A8F5-9B58E2E992BA}.Release|Any CPU.Build.0 = Release|Any CPU
	EndGlobalSection
	GlobalSection(SolutionProperties) = preSolution
		HideSolutionNode = FALSE
	EndGlobalSection
	GlobalSection(ExtensibilityGlobals) = postSolution
		SolutionGuid = {ACBDE39C-E35B-4270-BACC-45A737D65F45}
	EndGlobalSection
EndGlobal
